
Microsoft Visual Studio Solution File, Format Version 12.00
# Visual Studio Version 17
VisualStudioVersion = 17.5.002.0
MinimumVisualStudioVersion = 10.0.40219.1
Project("{2150E333-8FDC-42A3-9474-1A3956D46DE8}") = "Dotnet", "Dotnet", "{8CCBF726-BBAD-41E7-86A7-34B44F5D1E85}"
EndProject
Project("{9A19103F-16F7-4668-BE54-9A1E7A4F7556}") = "MedApp.Application", "MedApp.Application\MedApp.Application.csproj", "{8961D6C3-539A-4399-B644-F1AE1BB81B19}"
EndProject
Project("{9A19103F-16F7-4668-BE54-9A1E7A4F7556}") = "MedApp.Domain", "MedApp.Domain\MedApp.Domain.csproj", "{B943A86F-0C6C-4C61-BDB4-9F55CF2C5063}"
EndProject
Project("{9A19103F-16F7-4668-BE54-9A1E7A4F7556}") = "MedApp.Infrastructure", "MedApp.Infrastructure\MedApp.Infrastructure.csproj", "{E86C58EF-427A-4DFF-9DBE-389993DD837D}"
EndProject
Project("{2150E333-8FDC-42A3-9474-1A3956D46DE8}") = "Presentation", "Presentation", "{485E2A27-E4CC-4E03-ABA2-F09152D99C48}"
EndProject
Project("{9A19103F-16F7-4668-BE54-9A1E7A4F7556}") = "MedApp.Console", "Presentation\MedApp.Console\MedApp.Console.csproj", "{032FF548-319F-4197-B110-874802376EDC}"
EndProject
Project("{2150E333-8FDC-42A3-9474-1A3956D46DE8}") = "Tests", "Tests", "{532ECC03-8DF7-4727-BC26-D7B75992E2CB}"
EndProject
Project("{9A19103F-16F7-4668-BE54-9A1E7A4F7556}") = "Medapp.Domain.Tests", "Tests\MedApp.Domain.Tests\Medapp.Domain.Tests.csproj", "{07FE8A6A-6916-442B-8D5E-E83684AE3A7E}"
EndProject
Project("{2150E333-8FDC-42A3-9474-1A3956D46DE8}") = "Utilities", "Utilities", "{88C01477-4BD4-4738-9B94-D3507BAB5FED}"
EndProject
Project("{9A19103F-16F7-4668-BE54-9A1E7A4F7556}") = "HashGen", "Utilities\HashGen\HashGen.csproj", "{2FF41B05-4057-4AA1-9C8C-7725C99A4FA0}"
EndProject
Global
	GlobalSection(SolutionConfigurationPlatforms) = preSolution
		Debug|Any CPU = Debug|Any CPU
		Release|Any CPU = Release|Any CPU
	EndGlobalSection
	GlobalSection(ProjectConfigurationPlatforms) = postSolution
		{8961D6C3-539A-4399-B644-F1AE1BB81B19}.Debug|Any CPU.ActiveCfg = Debug|Any CPU
		{8961D6C3-539A-4399-B644-F1AE1BB81B19}.Debug|Any CPU.Build.0 = Debug|Any CPU
		{8961D6C3-539A-4399-B644-F1AE1BB81B19}.Release|Any CPU.ActiveCfg = Release|Any CPU
		{8961D6C3-539A-4399-B644-F1AE1BB81B19}.Release|Any CPU.Build.0 = Release|Any CPU
		{B943A86F-0C6C-4C61-BDB4-9F55CF2C5063}.Debug|Any CPU.ActiveCfg = Debug|Any CPU
		{B943A86F-0C6C-4C61-BDB4-9F55CF2C5063}.Debug|Any CPU.Build.0 = Debug|Any CPU
		{B943A86F-0C6C-4C61-BDB4-9F55CF2C5063}.Release|Any CPU.ActiveCfg = Release|Any CPU
		{B943A86F-0C6C-4C61-BDB4-9F55CF2C5063}.Release|Any CPU.Build.0 = Release|Any CPU
		{E86C58EF-427A-4DFF-9DBE-389993DD837D}.Debug|Any CPU.ActiveCfg = Debug|Any CPU
		{E86C58EF-427A-4DFF-9DBE-389993DD837D}.Debug|Any CPU.Build.0 = Debug|Any CPU
		{E86C58EF-427A-4DFF-9DBE-389993DD837D}.Release|Any CPU.ActiveCfg = Release|Any CPU
		{E86C58EF-427A-4DFF-9DBE-389993DD837D}.Release|Any CPU.Build.0 = Release|Any CPU
		{032FF548-319F-4197-B110-874802376EDC}.Debug|Any CPU.ActiveCfg = Debug|Any CPU
		{032FF548-319F-4197-B110-874802376EDC}.Debug|Any CPU.Build.0 = Debug|Any CPU
		{032FF548-319F-4197-B110-874802376EDC}.Release|Any CPU.ActiveCfg = Release|Any CPU
		{032FF548-319F-4197-B110-874802376EDC}.Release|Any CPU.Build.0 = Release|Any CPU
		{07FE8A6A-6916-442B-8D5E-E83684AE3A7E}.Debug|Any CPU.ActiveCfg = Debug|Any CPU
		{07FE8A6A-6916-442B-8D5E-E83684AE3A7E}.Debug|Any CPU.Build.0 = Debug|Any CPU
		{07FE8A6A-6916-442B-8D5E-E83684AE3A7E}.Release|Any CPU.ActiveCfg = Release|Any CPU
		{07FE8A6A-6916-442B-8D5E-E83684AE3A7E}.Release|Any CPU.Build.0 = Release|Any CPU
		{2FF41B05-4057-4AA1-9C8C-7725C99A4FA0}.Debug|Any CPU.ActiveCfg = Debug|Any CPU
		{2FF41B05-4057-4AA1-9C8C-7725C99A4FA0}.Debug|Any CPU.Build.0 = Debug|Any CPU
		{2FF41B05-4057-4AA1-9C8C-7725C99A4FA0}.Release|Any CPU.ActiveCfg = Release|Any CPU
		{2FF41B05-4057-4AA1-9C8C-7725C99A4FA0}.Release|Any CPU.Build.0 = Release|Any CPU
	EndGlobalSection
	GlobalSection(SolutionProperties) = preSolution
		HideSolutionNode = FALSE
	EndGlobalSection
	GlobalSection(NestedProjects) = preSolution
		{8961D6C3-539A-4399-B644-F1AE1BB81B19} = {8CCBF726-BBAD-41E7-86A7-34B44F5D1E85}
		{B943A86F-0C6C-4C61-BDB4-9F55CF2C5063} = {8CCBF726-BBAD-41E7-86A7-34B44F5D1E85}
		{E86C58EF-427A-4DFF-9DBE-389993DD837D} = {8CCBF726-BBAD-41E7-86A7-34B44F5D1E85}
		{485E2A27-E4CC-4E03-ABA2-F09152D99C48} = {8CCBF726-BBAD-41E7-86A7-34B44F5D1E85}
		{032FF548-319F-4197-B110-874802376EDC} = {485E2A27-E4CC-4E03-ABA2-F09152D99C48}
		{532ECC03-8DF7-4727-BC26-D7B75992E2CB} = {8CCBF726-BBAD-41E7-86A7-34B44F5D1E85}
		{07FE8A6A-6916-442B-8D5E-E83684AE3A7E} = {532ECC03-8DF7-4727-BC26-D7B75992E2CB}
		{88C01477-4BD4-4738-9B94-D3507BAB5FED} = {8CCBF726-BBAD-41E7-86A7-34B44F5D1E85}
		{2FF41B05-4057-4AA1-9C8C-7725C99A4FA0} = {88C01477-4BD4-4738-9B94-D3507BAB5FED}
	EndGlobalSection
	GlobalSection(ExtensibilityGlobals) = postSolution
		SolutionGuid = {090D9984-312C-440C-B5BD-0D28DF71B653}
	EndGlobalSection
EndGlobal
